
Microsoft Visual Studio Solution File, Format Version 12.00
# Visual Studio Version 16
VisualStudioVersion = 16.0.31005.135
MinimumVisualStudioVersion = 10.0.40219.1
Project("{FAE04EC0-301F-11D3-BF4B-00C04F79EFBC}") = "CSharpCourse", "CSharpCourse\CSharpCourse.csproj", "{6D5A1647-096F-4089-9509-30FA150E44AD}"
EndProject
Global
	GlobalSection(SolutionConfigurationPlatforms) = preSolution
		Debug|Any CPU = Debug|Any CPU
		Release|Any CPU = Release|Any CPU
	EndGlobalSection
	GlobalSection(ProjectConfigurationPlatforms) = postSolution
		{6D5A1647-096F-4089-9509-30FA150E44AD}.Debug|Any CPU.ActiveCfg = Debug|Any CPU
		{6D5A1647-096F-4089-9509-30FA150E44AD}.Debug|Any CPU.Build.0 = Debug|Any CPU
		{6D5A1647-096F-4089-9509-30FA150E44AD}.Release|Any CPU.ActiveCfg = Release|Any CPU
		{6D5A1647-096F-4089-9509-30FA150E44AD}.Release|Any CPU.Build.0 = Release|Any CPU
	EndGlobalSection
	GlobalSection(SolutionProperties) = preSolution
		HideSolutionNode = FALSE
	EndGlobalSection
	GlobalSection(ExtensibilityGlobals) = postSolution
		SolutionGuid = {051081FB-C139-4D2C-AFDC-6001D43F0566}
	EndGlobalSection
EndGlobal
